
Microsoft Visual Studio Solution File, Format Version 12.00
# Visual Studio 15
VisualStudioVersion = 15.0.34526.175
MinimumVisualStudioVersion = 10.0.40219.1
Project("{FAE04EC0-301F-11D3-BF4B-00C04F79EFBC}") = "gedcom-wpf", "Viewer\gedcom-wpf.csproj", "{956D7770-B25C-45F3-A218-CE7008612CDC}"
EndProject
Project("{FAE04EC0-301F-11D3-BF4B-00C04F79EFBC}") = "gedcom-cs", "gedcom-cs\gedcom-cs.csproj", "{CF0AE754-F46D-40A8-A9E3-779E42F6C267}"
EndProject
Global
	GlobalSection(SolutionConfigurationPlatforms) = preSolution
		Debug|Any CPU = Debug|Any CPU
		Release|Any CPU = Release|Any CPU
	EndGlobalSection
	GlobalSection(ProjectConfigurationPlatforms) = postSolution
		{956D7770-B25C-45F3-A218-CE7008612CDC}.Debug|Any CPU.ActiveCfg = Debug|Any CPU
		{956D7770-B25C-45F3-A218-CE7008612CDC}.Debug|Any CPU.Build.0 = Debug|Any CPU
		{956D7770-B25C-45F3-A218-CE7008612CDC}.Release|Any CPU.ActiveCfg = Release|Any CPU
		{956D7770-B25C-45F3-A218-CE7008612CDC}.Release|Any CPU.Build.0 = Release|Any CPU
		{CF0AE754-F46D-40A8-A9E3-779E42F6C267}.Debug|Any CPU.ActiveCfg = Debug|Any CPU
		{CF0AE754-F46D-40A8-A9E3-779E42F6C267}.Debug|Any CPU.Build.0 = Debug|Any CPU
		{CF0AE754-F46D-40A8-A9E3-779E42F6C267}.Release|Any CPU.ActiveCfg = Release|Any CPU
		{CF0AE754-F46D-40A8-A9E3-779E42F6C267}.Release|Any CPU.Build.0 = Release|Any CPU
	EndGlobalSection
	GlobalSection(SolutionProperties) = preSolution
		HideSolutionNode = FALSE
	EndGlobalSection
	GlobalSection(ExtensibilityGlobals) = postSolution
		SolutionGuid = {78446FF0-364C-488E-BE14-D3FD40E702D6}
	EndGlobalSection
EndGlobal
